
Microsoft Visual Studio Solution File, Format Version 12.00
# Visual Studio Version 17
VisualStudioVersion = 17.13.35806.99
MinimumVisualStudioVersion = 10.0.40219.1
Project("{FAE04EC0-301F-11D3-BF4B-00C04F79EFBC}") = "LockingSystem", "LockingSystem\LockingSystem.csproj", "{15679D87-E368-4E29-AB79-EBC58F15A6E0}"
EndProject
Project("{FAE04EC0-301F-11D3-BF4B-00C04F79EFBC}") = "LockingSystemTests", "LockingSystemTests\LockingSystemTests.csproj", "{F6D87498-E6B5-401D-B385-509681CADDAA}"
EndProject
Global
	GlobalSection(SolutionConfigurationPlatforms) = preSolution
		Debug|Any CPU = Debug|Any CPU
		Release|Any CPU = Release|Any CPU
	EndGlobalSection
	GlobalSection(ProjectConfigurationPlatforms) = postSolution
		{15679D87-E368-4E29-AB79-EBC58F15A6E0}.Debug|Any CPU.ActiveCfg = Debug|Any CPU
		{15679D87-E368-4E29-AB79-EBC58F15A6E0}.Debug|Any CPU.Build.0 = Debug|Any CPU
		{15679D87-E368-4E29-AB79-EBC58F15A6E0}.Release|Any CPU.ActiveCfg = Release|Any CPU
		{15679D87-E368-4E29-AB79-EBC58F15A6E0}.Release|Any CPU.Build.0 = Release|Any CPU
		{F6D87498-E6B5-401D-B385-509681CADDAA}.Debug|Any CPU.ActiveCfg = Debug|Any CPU
		{F6D87498-E6B5-401D-B385-509681CADDAA}.Debug|Any CPU.Build.0 = Debug|Any CPU
		{F6D87498-E6B5-401D-B385-509681CADDAA}.Release|Any CPU.ActiveCfg = Release|Any CPU
		{F6D87498-E6B5-401D-B385-509681CADDAA}.Release|Any CPU.Build.0 = Release|Any CPU
	EndGlobalSection
	GlobalSection(SolutionProperties) = preSolution
		HideSolutionNode = FALSE
	EndGlobalSection
	GlobalSection(ExtensibilityGlobals) = postSolution
		SolutionGuid = {36C66B9A-9BF9-4EA3-8B59-C5E10AD8BB76}
	EndGlobalSection
EndGlobal
